
Microsoft Visual Studio Solution File, Format Version 12.00
# Visual Studio 15
VisualStudioVersion = 15.0.27703.2047
MinimumVisualStudioVersion = 10.0.40219.1
Project("{FAE04EC0-301F-11D3-BF4B-00C04F79EFBC}") = "WeRemote", "WeRemote\WeRemote.csproj", "{06941610-DC67-4C98-83DE-D7793E6F55F7}"
EndProject
Global
	GlobalSection(SolutionConfigurationPlatforms) = preSolution
		Debug|Any CPU = Debug|Any CPU
		Release|Any CPU = Release|Any CPU
	EndGlobalSection
	GlobalSection(ProjectConfigurationPlatforms) = postSolution
		{06941610-DC67-4C98-83DE-D7793E6F55F7}.Debug|Any CPU.ActiveCfg = Debug|Any CPU
		{06941610-DC67-4C98-83DE-D7793E6F55F7}.Debug|Any CPU.Build.0 = Debug|Any CPU
		{06941610-DC67-4C98-83DE-D7793E6F55F7}.Release|Any CPU.ActiveCfg = Release|Any CPU
		{06941610-DC67-4C98-83DE-D7793E6F55F7}.Release|Any CPU.Build.0 = Release|Any CPU
	EndGlobalSection
	GlobalSection(SolutionProperties) = preSolution
		HideSolutionNode = FALSE
	EndGlobalSection
	GlobalSection(ExtensibilityGlobals) = postSolution
		SolutionGuid = {BF675958-070E-453D-902D-59F050BAE55D}
	EndGlobalSection
EndGlobal
